
Microsoft Visual Studio Solution File, Format Version 12.00
# Visual Studio Version 17
VisualStudioVersion = 17.14.36202.13
MinimumVisualStudioVersion = 10.0.40219.1
Project("{FAE04EC0-301F-11D3-BF4B-00C04F79EFBC}") = "ForgottenEmpire", "WebApplication1\ForgottenEmpire.csproj", "{0D0E538F-34E0-48EC-BF7E-5A4C0DFFF48F}"
EndProject
Project("{FAE04EC0-301F-11D3-BF4B-00C04F79EFBC}") = "Domain", "Domain\Domain.csproj", "{AF9579B4-91F3-43AE-9F2F-6D139B2C478D}"
EndProject
Project("{FAE04EC0-301F-11D3-BF4B-00C04F79EFBC}") = "Application", "Application\Application.csproj", "{A903D412-9EEC-4A2F-B375-CA6212FAE9BA}"
EndProject
Project("{FAE04EC0-301F-11D3-BF4B-00C04F79EFBC}") = "Infrastructure", "Infrastructure\Infrastructure.csproj", "{15D53F57-FE93-454A-A9E6-C00901F937A9}"
EndProject
Global
	GlobalSection(SolutionConfigurationPlatforms) = preSolution
		Debug|Any CPU = Debug|Any CPU
		Debug|x64 = Debug|x64
		Debug|x86 = Debug|x86
		Release|Any CPU = Release|Any CPU
		Release|x64 = Release|x64
		Release|x86 = Release|x86
	EndGlobalSection
	GlobalSection(ProjectConfigurationPlatforms) = postSolution
		{0D0E538F-34E0-48EC-BF7E-5A4C0DFFF48F}.Debug|Any CPU.ActiveCfg = Debug|Any CPU
		{0D0E538F-34E0-48EC-BF7E-5A4C0DFFF48F}.Debug|Any CPU.Build.0 = Debug|Any CPU
		{0D0E538F-34E0-48EC-BF7E-5A4C0DFFF48F}.Debug|x64.ActiveCfg = Debug|Any CPU
		{0D0E538F-34E0-48EC-BF7E-5A4C0DFFF48F}.Debug|x64.Build.0 = Debug|Any CPU
		{0D0E538F-34E0-48EC-BF7E-5A4C0DFFF48F}.Debug|x86.ActiveCfg = Debug|Any CPU
		{0D0E538F-34E0-48EC-BF7E-5A4C0DFFF48F}.Debug|x86.Build.0 = Debug|Any CPU
		{0D0E538F-34E0-48EC-BF7E-5A4C0DFFF48F}.Release|Any CPU.ActiveCfg = Release|Any CPU
		{0D0E538F-34E0-48EC-BF7E-5A4C0DFFF48F}.Release|Any CPU.Build.0 = Release|Any CPU
		{0D0E538F-34E0-48EC-BF7E-5A4C0DFFF48F}.Release|x64.ActiveCfg = Release|Any CPU
		{0D0E538F-34E0-48EC-BF7E-5A4C0DFFF48F}.Release|x64.Build.0 = Release|Any CPU
		{0D0E538F-34E0-48EC-BF7E-5A4C0DFFF48F}.Release|x86.ActiveCfg = Release|Any CPU
		{0D0E538F-34E0-48EC-BF7E-5A4C0DFFF48F}.Release|x86.Build.0 = Release|Any CPU
		{AF9579B4-91F3-43AE-9F2F-6D139B2C478D}.Debug|Any CPU.ActiveCfg = Debug|Any CPU
		{AF9579B4-91F3-43AE-9F2F-6D139B2C478D}.Debug|Any CPU.Build.0 = Debug|Any CPU
		{AF9579B4-91F3-43AE-9F2F-6D139B2C478D}.Debug|x64.ActiveCfg = Debug|Any CPU
		{AF9579B4-91F3-43AE-9F2F-6D139B2C478D}.Debug|x64.Build.0 = Debug|Any CPU
		{AF9579B4-91F3-43AE-9F2F-6D139B2C478D}.Debug|x86.ActiveCfg = Debug|Any CPU
		{AF9579B4-91F3-43AE-9F2F-6D139B2C478D}.Debug|x86.Build.0 = Debug|Any CPU
		{AF9579B4-91F3-43AE-9F2F-6D139B2C478D}.Release|Any CPU.ActiveCfg = Release|Any CPU
		{AF9579B4-91F3-43AE-9F2F-6D139B2C478D}.Release|Any CPU.Build.0 = Release|Any CPU
		{AF9579B4-91F3-43AE-9F2F-6D139B2C478D}.Release|x64.ActiveCfg = Release|Any CPU
		{AF9579B4-91F3-43AE-9F2F-6D139B2C478D}.Release|x64.Build.0 = Release|Any CPU
		{AF9579B4-91F3-43AE-9F2F-6D139B2C478D}.Release|x86.ActiveCfg = Release|Any CPU
		{AF9579B4-91F3-43AE-9F2F-6D139B2C478D}.Release|x86.Build.0 = Release|Any CPU
		{A903D412-9EEC-4A2F-B375-CA6212FAE9BA}.Debug|Any CPU.ActiveCfg = Debug|Any CPU
		{A903D412-9EEC-4A2F-B375-CA6212FAE9BA}.Debug|Any CPU.Build.0 = Debug|Any CPU
		{A903D412-9EEC-4A2F-B375-CA6212FAE9BA}.Debug|x64.ActiveCfg = Debug|Any CPU
		{A903D412-9EEC-4A2F-B375-CA6212FAE9BA}.Debug|x64.Build.0 = Debug|Any CPU
		{A903D412-9EEC-4A2F-B375-CA6212FAE9BA}.Debug|x86.ActiveCfg = Debug|Any CPU
		{A903D412-9EEC-4A2F-B375-CA6212FAE9BA}.Debug|x86.Build.0 = Debug|Any CPU
		{A903D412-9EEC-4A2F-B375-CA6212FAE9BA}.Release|Any CPU.ActiveCfg = Release|Any CPU
		{A903D412-9EEC-4A2F-B375-CA6212FAE9BA}.Release|Any CPU.Build.0 = Release|Any CPU
		{A903D412-9EEC-4A2F-B375-CA6212FAE9BA}.Release|x64.ActiveCfg = Release|Any CPU
		{A903D412-9EEC-4A2F-B375-CA6212FAE9BA}.Release|x64.Build.0 = Release|Any CPU
		{A903D412-9EEC-4A2F-B375-CA6212FAE9BA}.Release|x86.ActiveCfg = Release|Any CPU
		{A903D412-9EEC-4A2F-B375-CA6212FAE9BA}.Release|x86.Build.0 = Release|Any CPU
		{15D53F57-FE93-454A-A9E6-C00901F937A9}.Debug|Any CPU.ActiveCfg = Debug|Any CPU
		{15D53F57-FE93-454A-A9E6-C00901F937A9}.Debug|Any CPU.Build.0 = Debug|Any CPU
		{15D53F57-FE93-454A-A9E6-C00901F937A9}.Debug|x64.ActiveCfg = Debug|Any CPU
		{15D53F57-FE93-454A-A9E6-C00901F937A9}.Debug|x64.Build.0 = Debug|Any CPU
		{15D53F57-FE93-454A-A9E6-C00901F937A9}.Debug|x86.ActiveCfg = Debug|Any CPU
		{15D53F57-FE93-454A-A9E6-C00901F937A9}.Debug|x86.Build.0 = Debug|Any CPU
		{15D53F57-FE93-454A-A9E6-C00901F937A9}.Release|Any CPU.ActiveCfg = Release|Any CPU
		{15D53F57-FE93-454A-A9E6-C00901F937A9}.Release|Any CPU.Build.0 = Release|Any CPU
		{15D53F57-FE93-454A-A9E6-C00901F937A9}.Release|x64.ActiveCfg = Release|Any CPU
		{15D53F57-FE93-454A-A9E6-C00901F937A9}.Release|x64.Build.0 = Release|Any CPU
		{15D53F57-FE93-454A-A9E6-C00901F937A9}.Release|x86.ActiveCfg = Release|Any CPU
		{15D53F57-FE93-454A-A9E6-C00901F937A9}.Release|x86.Build.0 = Release|Any CPU
	EndGlobalSection
	GlobalSection(SolutionProperties) = preSolution
		HideSolutionNode = FALSE
	EndGlobalSection
	GlobalSection(ExtensibilityGlobals) = postSolution
		SolutionGuid = {355BC30B-526A-4685-9E82-36B6D58E408D}
	EndGlobalSection
EndGlobal
